PODS:
  - OpenTok (2.9.2)
  - OTAdaptiveResolution (0.1.0):
    - OpenTok

DEPENDENCIES:
  - OTAdaptiveResolution (from `../`)

EXTERNAL SOURCES:
  OTAdaptiveResolution:
    :path: "../"

SPEC CHECKSUMS:
  OpenTok: aa00296d8c48972cbbd18e2e3954955ea6fb9501
  OTAdaptiveResolution: b0b65efced549b12f946a211caae330ce533acd9

PODFILE CHECKSUM: 8c6a5c5fa487b95cbb46d5b57f48410234264c78

COCOAPODS: 1.1.1
